// !$*UTF8*$!
{
	archiveVersion = 1;
	classes = {
	};
	objectVersion = 46;
	objects = {

/* Begin PBXBuildFile section */
		D374E6D01BEBBF9400E22AD0 /* main.m in Sources */ = {isa = PBXBuildFile; fileRef = D374E6CF1BEBBF9400E22AD0 /* main.m */; };
		D374E6D31BEBBF9400E22AD0 /* AppDelegate.m in Sources */ = {isa = PBXBuildFile; fileRef = D374E6D21BEBBF9400E22AD0 /* AppDelegate.m */; };
		D374E6D61BEBBF9400E22AD0 /* ViewController.m in Sources */ = {isa = PBXBuildFile; fileRef = D374E6D51BEBBF9400E22AD0 /* ViewController.m */; };
		D374E6D91BEBBF9400E22AD0 /* Main.storyboard in Resources */ = {isa = PBXBuildFile; fileRef = D374E6D71BEBBF9400E22AD0 /* Main.storyboard */; };
		D374E6DB1BEBBF9400E22AD0 /* Assets.xcassets in Resources */ = {isa = PBXBuildFile; fileRef = D374E6DA1BEBBF9400E22AD0 /* Assets.xcassets */; };
		D374E6DE1BEBBF9400E22AD0 /* LaunchScreen.storyboard in Resources */ = {isa = PBXBuildFile; fileRef = D374E6DC1BEBBF9400E22AD0 /* LaunchScreen.storyboard */; };
		D374E6E91BEBBF9400E22AD0 /* NSsessionTests.m in Sources */ = {isa = PBXBuildFile; fileRef = D374E6E81BEBBF9400E22AD0 /* NSsessionTests.m */; };
		D374E6F41BEBBF9400E22AD0 /* NSsessionUITests.m in Sources */ = {isa = PBXBuildFile; fileRef = D374E6F31BEBBF9400E22AD0 /* NSsessionUITests.m */; };
/* End PBXBuildFile section */

/* Begin PBXContainerItemProxy section */
		D374E6E51BEBBF9400E22AD0 /* PBXContainerItemProxy */ = {
			isa = PBXContainerItemProxy;
			containerPortal = D374E6C31BEBBF9400E22AD0 /* Project object */;
			proxyType = 1;
			remoteGlobalIDString = D374E6CA1BEBBF9400E22AD0;
			remoteInfo = NSsession;
		};
		D374E6F01BEBBF9400E22AD0 /* PBXContainerItemProxy */ = {
			isa = PBXContainerItemProxy;
			containerPortal = D374E6C31BEBBF9400E22AD0 /* Project object */;
			proxyType = 1;
			remoteGlobalIDString = D374E6CA1BEBBF9400E22AD0;
			remoteInfo = NSsession;
		};
/* End PBXContainerItemProxy section */

/* Begin PBXFileReference section */
		D374E6CB1BEBBF9400E22AD0 /* NSsession.app */ = {isa = PBXFileReference; explicitFileType = wrapper.application; includeInIndex = 0; path = NSsession.app; sourceTree = BUILT_PRODUCTS_DIR; };
		D374E6CF1BEBBF9400E22AD0 /* main.m */ = {isa = PBXFileReference; lastKnownFileType = sourcecode.c.objc; path = main.m; sourceTree = "<group>"; };
		D374E6D11BEBBF9400E22AD0 /* AppDelegate.h */ = {isa = PBXFileReference; lastKnownFileType = sourcecode.c.h; path = AppDelegate.h; sourceTree = "<group>"; };
		D374E6D21BEBBF9400E22AD0 /* AppDelegate.m */ = {isa = PBXFileReference; lastKnownFileType = sourcecode.c.objc; path = AppDelegate.m; sourceTree = "<group>"; };
		D374E6D41BEBBF9400E22AD0 /* ViewController.h */ = {isa = PBXFileReference; lastKnownFileType = sourcecode.c.h; path = ViewController.h; sourceTree = "<group>"; };
		D374E6D51BEBBF9400E22AD0 /* ViewController.m */ = {isa = PBXFileReference; lastKnownFileType = sourcecode.c.objc; path = ViewController.m; sourceTree = "<group>"; };
		D374E6D81BEBBF9400E22AD0 /* Base */ = {isa = PBXFileReference; lastKnownFileType = file.storyboard; name = Base; path = Base.lproj/Main.storyboard; sourceTree = "<group>"; };
		D374E6DA1BEBBF9400E22AD0 /* Assets.xcassets */ = {isa = PBXFileReference; lastKnownFileType = folder.assetcatalog; path = Assets.xcassets; sourceTree = "<group>"; };
		D374E6DD1BEBBF9400E22AD0 /* Base */ = {isa = PBXFileReference; lastKnownFileType = file.storyboard; name = Base; path = Base.lproj/LaunchScreen.storyboard; sourceTree = "<group>"; };
		D374E6DF1BEBBF9400E22AD0 /* Info.plist */ = {isa = PBXFileReference; lastKnownFileType = text.plist.xml; path = Info.plist; sourceTree = "<group>"; };
		D374E6E41BEBBF9400E22AD0 /* NSsessionTests.xctest */ = {isa = PBXFileReference; explicitFileType = wrapper.cfbundle; includeInIndex = 0; path = NSsessionTests.xctest; sourceTree = BUILT_PRODUCTS_DIR; };
		D374E6E81BEBBF9400E22AD0 /* NSsessionTests.m */ = {isa = PBXFileReference; lastKnownFileType = sourcecode.c.objc; path = NSsessionTests.m; sourceTree = "<group>"; };
		D374E6EA1BEBBF9400E22AD0 /* Info.plist */ = {isa = PBXFileReference; lastKnownFileType = text.plist.xml; path = Info.plist; sourceTree = "<group>"; };
		D374E6EF1BEBBF9400E22AD0 /* NSsessionUITests.xctest */ = {isa = PBXFileReference; explicitFileType = wrapper.cfbundle; includeInIndex = 0; path = NSsessionUITests.xctest; sourceTree = BUILT_PRODUCTS_DIR; };
		D374E6F31BEBBF9400E22AD0 /* NSsessionUITests.m */ = {isa = PBXFileReference; lastKnownFileType = sourcecode.c.objc; path = NSsessionUITests.m; sourceTree = "<group>"; };
		D374E6F51BEBBF9400E22AD0 /* Info.plist */ = {isa = PBXFileReference; lastKnownFileType = text.plist.xml; path = Info.plist; sourceTree = "<group>"; };
/* End PBXFileReference section */

/* Begin PBXFrameworksBuildPhase section */
		D374E6C81BEBBF9400E22AD0 /* Frameworks */ = {
			isa = PBXFrameworksBuildPhase;
			buildActionMask = 2147483647;
			files = (
			);
			runOnlyForDeploymentPostprocessing = 0;
		};
		D374E6E11BEBBF9400E22AD0 /* Frameworks */ = {
			isa = PBXFrameworksBuildPhase;
			buildActionMask = 2147483647;
			files = (
			);
			runOnlyForDeploymentPostprocessing = 0;
		};
		D374E6EC1BEBBF9400E22AD0 /* Frameworks */ = {
			isa = PBXFrameworksBuildPhase;
			buildActionMask = 2147483647;
			files = (
			);
			runOnlyForDeploymentPostprocessing = 0;
		};
/* End PBXFrameworksBuildPhase section */

/* Begin PBXGroup section */
		D374E6C21BEBBF9400E22AD0 = {
			isa = PBXGroup;
			children = (
				D374E6CD1BEBBF9400E22AD0 /* NSsession */,
				D374E6E71BEBBF9400E22AD0 /* NSsessionTests */,
				D374E6F21BEBBF9400E22AD0 /* NSsessionUITests */,
				D374E6CC1BEBBF9400E22AD0 /* Products */,
			);
			sourceTree = "<group>";
		};
		D374E6CC1BEBBF9400E22AD0 /* Products */ = {
			isa = PBXGroup;
			children = (
				D374E6CB1BEBBF9400E22AD0 /* NSsession.app */,
				D374E6E41BEBBF9400E22AD0 /* NSsessionTests.xctest */,
				D374E6EF1BEBBF9400E22AD0 /* NSsessionUITests.xctest */,
			);
			name = Products;
			sourceTree = "<group>";
		};
		D374E6CD1BEBBF9400E22AD0 /* NSsession */ = {
			isa = PBXGroup;
			children = (
				D374E6D11BEBBF9400E22AD0 /* AppDelegate.h */,
				D374E6D21BEBBF9400E22AD0 /* AppDelegate.m */,
				D374E6D41BEBBF9400E22AD0 /* ViewController.h */,
				D374E6D51BEBBF9400E22AD0 /* ViewController.m */,
				D374E6D71BEBBF9400E22AD0 /* Main.storyboard */,
				D374E6DA1BEBBF9400E22AD0 /* Assets.xcassets */,
				D374E6DC1BEBBF9400E22AD0 /* LaunchScreen.storyboard */,
				D374E6DF1BEBBF9400E22AD0 /* Info.plist */,
				D374E6CE1BEBBF9400E22AD0 /* Supporting Files */,
			);
			path = NSsession;
			sourceTree = "<group>";
		};
		D374E6CE1BEBBF9400E22AD0 /* Supporting Files */ = {
			isa = PBXGroup;
			children = (
				D374E6CF1BEBBF9400E22AD0 /* main.m */,
			);
			name = "Supporting Files";
			sourceTree = "<group>";
		};
		D374E6E71BEBBF9400E22AD0 /* NSsessionTests */ = {
			isa = PBXGroup;
			children = (
				D374E6E81BEBBF9400E22AD0 /* NSsessionTests.m */,
				D374E6EA1BEBBF9400E22AD0 /* Info.plist */,
			);
			path = NSsessionTests;
			sourceTree = "<group>";
		};
		D374E6F21BEBBF9400E22AD0 /* NSsessionUITests */ = {
			isa = PBXGroup;
			children = (
				D374E6F31BEBBF9400E22AD0 /* NSsessionUITests.m */,
				D374E6F51BEBBF9400E22AD0 /* Info.plist */,
			);
			path = NSsessionUITests;
			sourceTree = "<group>";
		};
/* End PBXGroup section */

/* Begin PBXNativeTarget section */
		D374E6CA1BEBBF9400E22AD0 /* NSsession */ = {
			isa = PBXNativeTarget;
			buildConfigurationList = D374E6F81BEBBF9400E22AD0 /* Build configuration list for PBXNativeTarget "NSsession" */;
			buildPhases = (
				D374E6C71BEBBF9400E22AD0 /* Sources */,
				D374E6C81BEBBF9400E22AD0 /* Frameworks */,
				D374E6C91BEBBF9400E22AD0 /* Resources */,
			);
			buildRules = (
			);
			dependencies = (
			);
			name = NSsession;
			productName = NSsession;
			productReference = D374E6CB1BEBBF9400E22AD0 /* NSsession.app */;
			productType = "com.apple.product-type.application";
		};
		D374E6E31BEBBF9400E22AD0 /* NSsessionTests */ = {
			isa = PBXNativeTarget;
			buildConfigurationList = D374E6FB1BEBBF9400E22AD0 /* Build configuration list for PBXNativeTarget "NSsessionTests" */;
			buildPhases = (
				D374E6E01BEBBF9400E22AD0 /* Sources */,
				D374E6E11BEBBF9400E22AD0 /* Frameworks */,
				D374E6E21BEBBF9400E22AD0 /* Resources */,
			);
			buildRules = (
			);
			dependencies = (
				D374E6E61BEBBF9400E22AD0 /* PBXTargetDependency */,
			);
			name = NSsessionTests;
			productName = NSsessionTests;
			productReference = D374E6E41BEBBF9400E22AD0 /* NSsessionTests.xctest */;
			productType = "com.apple.product-type.bundle.unit-test";
		};
		D374E6EE1BEBBF9400E22AD0 /* NSsessionUITests */ = {
			isa = PBXNativeTarget;
			buildConfigurationList = D374E6FE1BEBBF9400E22AD0 /* Build configuration list for PBXNativeTarget "NSsessionUITests" */;
			buildPhases = (
				D374E6EB1BEBBF9400E22AD0 /* Sources */,
				D374E6EC1BEBBF9400E22AD0 /* Frameworks */,
				D374E6ED1BEBBF9400E22AD0 /* Resources */,
			);
			buildRules = (
			);
			dependencies = (
				D374E6F11BEBBF9400E22AD0 /* PBXTargetDependency */,
			);
			name = NSsessionUITests;
			productName = NSsessionUITests;
			productReference = D374E6EF1BEBBF9400E22AD0 /* NSsessionUITests.xctest */;
			productType = "com.apple.product-type.bundle.ui-testing";
		};
/* End PBXNativeTarget section */

/* Begin PBXProject section */
		D374E6C31BEBBF9400E22AD0 /* Project object */ = {
			isa = PBXProject;
			attributes = {
				LastUpgradeCheck = 0710;
				ORGANIZATIONNAME = kongyunpeng;
				TargetAttributes = {
					D374E6CA1BEBBF9400E22AD0 = {
						CreatedOnToolsVersion = 7.1;
					};
					D374E6E31BEBBF9400E22AD0 = {
						CreatedOnToolsVersion = 7.1;
						TestTargetID = D374E6CA1BEBBF9400E22AD0;
					};
					D374E6EE1BEBBF9400E22AD0 = {
						CreatedOnToolsVersion = 7.1;
						TestTargetID = D374E6CA1BEBBF9400E22AD0;
					};
				};
			};
			buildConfigurationList = D374E6C61BEBBF9400E22AD0 /* Build configuration list for PBXProject "NSsession" */;
			compatibilityVersion = "Xcode 3.2";
			developmentRegion = English;
			hasScannedForEncodings = 0;
			knownRegions = (
				en,
				Base,
			);
			mainGroup = D374E6C21BEBBF9400E22AD0;
			productRefGroup = D374E6CC1BEBBF9400E22AD0 /* Products */;
			projectDirPath = "";
			projectRoot = "";
			targets = (
				D374E6CA1BEBBF9400E22AD0 /* NSsession */,
				D374E6E31BEBBF9400E22AD0 /* NSsessionTests */,
				D374E6EE1BEBBF9400E22AD0 /* NSsessionUITests */,
			);
		};
/* End PBXProject section */

/* Begin PBXResourcesBuildPhase section */
		D374E6C91BEBBF9400E22AD0 /* Resources */ = {
			isa = PBXResourcesBuildPhase;
			buildActionMask = 2147483647;
			files = (
				D374E6DE1BEBBF9400E22AD0 /* LaunchScreen.storyboard in Resources */,
				D374E6DB1BEBBF9400E22AD0 /* Assets.xcassets in Resources */,
				D374E6D91BEBBF9400E22AD0 /* Main.storyboard in Resources */,
			);
			runOnlyForDeploymentPostprocessing = 0;
		};
		D374E6E21BEBBF9400E22AD0 /* Resources */ = {
			isa = PBXResourcesBuildPhase;
			buildActionMask = 2147483647;
			files = (
			);
			runOnlyForDeploymentPostprocessing = 0;
		};
		D374E6ED1BEBBF9400E22AD0 /* Resources */ = {
			isa = PBXResourcesBuildPhase;
			buildActionMask = 2147483647;
			files = (
			);
			runOnlyForDeploymentPostprocessing = 0;
		};
/* End PBXResourcesBuildPhase section */

/* Begin PBXSourcesBuildPhase section */
		D374E6C71BEBBF9400E22AD0 /* Sources */ = {
			isa = PBXSourcesBuildPhase;
			buildActionMask = 2147483647;
			files = (
				D374E6D61BEBBF9400E22AD0 /* ViewController.m in Sources */,
				D374E6D31BEBBF9400E22AD0 /* AppDelegate.m in Sources */,
				D374E6D01BEBBF9400E22AD0 /* main.m in Sources */,
			);
			runOnlyForDeploymentPostprocessing = 0;
		};
		D374E6E01BEBBF9400E22AD0 /* Sources */ = {
			isa = PBXSourcesBuildPhase;
			buildActionMask = 2147483647;
			files = (
				D374E6E91BEBBF9400E22AD0 /* NSsessionTests.m in Sources */,
			);
			runOnlyForDeploymentPostprocessing = 0;
		};
		D374E6EB1BEBBF9400E22AD0 /* Sources */ = {
			isa = PBXSourcesBuildPhase;
			buildActionMask = 2147483647;
			files = (
				D374E6F41BEBBF9400E22AD0 /* NSsessionUITests.m in Sources */,
			);
			runOnlyForDeploymentPostprocessing = 0;
		};
/* End PBXSourcesBuildPhase section */

/* Begin PBXTargetDependency section */
		D374E6E61BEBBF9400E22AD0 /* PBXTargetDependency */ = {
			isa = PBXTargetDependency;
			target = D374E6CA1BEBBF9400E22AD0 /* NSsession */;
			targetProxy = D374E6E51BEBBF9400E22AD0 /* PBXContainerItemProxy */;
		};
		D374E6F11BEBBF9400E22AD0 /* PBXTargetDependency */ = {
			isa = PBXTargetDependency;
			target = D374E6CA1BEBBF9400E22AD0 /* NSsession */;
			targetProxy = D374E6F01BEBBF9400E22AD0 /* PBXContainerItemProxy */;
		};
/* End PBXTargetDependency section */

/* Begin PBXVariantGroup section */
		D374E6D71BEBBF9400E22AD0 /* Main.storyboard */ = {
			isa = PBXVariantGroup;
			children = (
				D374E6D81BEBBF9400E22AD0 /* Base */,
			);
			name = Main.storyboard;
			sourceTree = "<group>";
		};
		D374E6DC1BEBBF9400E22AD0 /* LaunchScreen.storyboard */ = {
			isa = PBXVariantGroup;
			children = (
				D374E6DD1BEBBF9400E22AD0 /* Base */,
			);
			name = LaunchScreen.storyboard;
			sourceTree = "<group>";
		};
/* End PBXVariantGroup section */

/* Begin XCBuildConfiguration section */
		D374E6F61BEBBF9400E22AD0 /* Debug */ = {
			isa = XCBuildConfiguration;
			buildSettings = {
				ALWAYS_SEARCH_USER_PATHS = NO;
				CLANG_CXX_LANGUAGE_STANDARD = "gnu++0x";
				CLANG_CXX_LIBRARY = "libc++";
				CLANG_ENABLE_MODULES = YES;
				CLANG_ENABLE_OBJC_ARC = YES;
				CLANG_WARN_BOOL_CONVERSION = YES;
				CLANG_WARN_CONSTANT_CONVERSION = YES;
				CLANG_WARN_DIRECT_OBJC_ISA_USAGE = YES_ERROR;
				CLANG_WARN_EMPTY_BODY = YES;
				CLANG_WARN_ENUM_CONVERSION = YES;
				CLANG_WARN_INT_CONVERSION = YES;
				CLANG_WARN_OBJC_ROOT_CLASS = YES_ERROR;
				CLANG_WARN_UNREACHABLE_CODE = YES;
				CLANG_WARN__DUPLICATE_METHOD_MATCH = YES;
				"CODE_SIGN_IDENTITY[sdk=iphoneos*]" = "iPhone Developer";
				COPY_PHASE_STRIP = NO;
				DEBUG_INFORMATION_FORMAT = dwarf;
				ENABLE_STRICT_OBJC_MSGSEND = YES;
				ENABLE_TESTABILITY = YES;
				GCC_C_LANGUAGE_STANDARD = gnu99;
				GCC_DYNAMIC_NO_PIC = NO;
				GCC_NO_COMMON_BLOCKS = YES;
				GCC_OPTIMIZATION_LEVEL = 0;
				GCC_PREPROCESSOR_DEFINITIONS = (
					"DEBUG=1",
					"$(inherited)",
				);
				GCC_WARN_64_TO_32_BIT_CONVERSION = YES;
				GCC_WARN_ABOUT_RETURN_TYPE = YES_ERROR;
				GCC_WARN_UNDECLARED_SELECTOR = YES;
				GCC_WARN_UNINITIALIZED_AUTOS = YES_AGGRESSIVE;
				GCC_WARN_UNUSED_FUNCTION = YES;
				GCC_WARN_UNUSED_VARIABLE = YES;
				IPHONEOS_DEPLOYMENT_TARGET = 9.1;
				MTL_ENABLE_DEBUG_INFO = YES;
				ONLY_ACTIVE_ARCH = YES;
				SDKROOT = iphoneos;
				TARGETED_DEVICE_FAMILY = "1,2";
			};
			name = Debug;
		};
		D374E6F71BEBBF9400E22AD0 /* Release */ = {
			isa = XCBuildConfiguration;
			buildSettings = {
				ALWAYS_SEARCH_USER_PATHS = NO;
				CLANG_CXX_LANGUAGE_STANDARD = "gnu++0x";
				CLANG_CXX_LIBRARY = "libc++";
				CLANG_ENABLE_MODULES = YES;
				CLANG_ENABLE_OBJC_ARC = YES;
				CLANG_WARN_BOOL_CONVERSION = YES;
				CLANG_WARN_CONSTANT_CONVERSION = YES;
				CLANG_WARN_DIRECT_OBJC_ISA_USAGE = YES_ERROR;
				CLANG_WARN_EMPTY_BODY = YES;
				CLANG_WARN_ENUM_CONVERSION = YES;
				CLANG_WARN_INT_CONVERSION = YES;
				CLANG_WARN_OBJC_ROOT_CLASS = YES_ERROR;
				CLANG_WARN_UNREACHABLE_CODE = YES;
				CLANG_WARN__DUPLICATE_METHOD_MATCH = YES;
				"CODE_SIGN_IDENTITY[sdk=iphoneos*]" = "iPhone Developer";
				COPY_PHASE_STRIP = NO;
				DEBUG_INFORMATION_FORMAT = "dwarf-with-dsym";
				ENABLE_NS_ASSERTIONS = NO;
				ENABLE_STRICT_OBJC_MSGSEND = YES;
				GCC_C_LANGUAGE_STANDARD = gnu99;
				GCC_NO_COMMON_BLOCKS = YES;
				GCC_WARN_64_TO_32_BIT_CONVERSION = YES;
				GCC_WARN_ABOUT_RETURN_TYPE = YES_ERROR;
				GCC_WARN_UNDECLARED_SELECTOR = YES;
				GCC_WARN_UNINITIALIZED_AUTOS = YES_AGGRESSIVE;
				GCC_WARN_UNUSED_FUNCTION = YES;
				GCC_WARN_UNUSED_VARIABLE = YES;
				IPHONEOS_DEPLOYMENT_TARGET = 9.1;
				MTL_ENABLE_DEBUG_INFO = NO;
				SDKROOT = iphoneos;
				TARGETED_DEVICE_FAMILY = "1,2";
				VALIDATE_PRODUCT = YES;
			};
			name = Release;
		};
		D374E6F91BEBBF9400E22AD0 /* Debug */ = {
			isa = XCBuildConfiguration;
			buildSettings = {
				ASSETCATALOG_COMPILER_APPICON_NAME = AppIcon;
				INFOPLIST_FILE = NSsession/Info.plist;
				LD_RUNPATH_SEARCH_PATHS = "$(inherited) @executable_path/Frameworks";
				PRODUCT_BUNDLE_IDENTIFIER = com.kyp.NSsession;
				PRODUCT_NAME = "$(TARGET_NAME)";
			};
			name = Debug;
		};
		D374E6FA1BEBBF9400E22AD0 /* Release */ = {
			isa = XCBuildConfiguration;
			buildSettings = {
				ASSETCATALOG_COMPILER_APPICON_NAME = AppIcon;
				INFOPLIST_FILE = NSsession/Info.plist;
				LD_RUNPATH_SEARCH_PATHS = "$(inherited) @executable_path/Frameworks";
				PRODUCT_BUNDLE_IDENTIFIER = com.kyp.NSsession;
				PRODUCT_NAME = "$(TARGET_NAME)";
			};
			name = Release;
		};
		D374E6FC1BEBBF9400E22AD0 /* Debug */ = {
			isa = XCBuildConfiguration;
			buildSettings = {
				BUNDLE_LOADER = "$(TEST_HOST)";
				INFOPLIST_FILE = NSsessionTests/Info.plist;
				LD_RUNPATH_SEARCH_PATHS = "$(inherited) @executable_path/Frameworks @loader_path/Frameworks";
				PRODUCT_BUNDLE_IDENTIFIER = com.kyp.NSsessionTests;
				PRODUCT_NAME = "$(TARGET_NAME)";
				TEST_HOST = "$(BUILT_PRODUCTS_DIR)/NSsession.app/NSsession";
			};
			name = Debug;
		};
		D374E6FD1BEBBF9400E22AD0 /* Release */ = {
			isa = XCBuildConfiguration;
			buildSettings = {
				BUNDLE_LOADER = "$(TEST_HOST)";
				INFOPLIST_FILE = NSsessionTests/Info.plist;
				LD_RUNPATH_SEARCH_PATHS = "$(inherited) @executable_path/Frameworks @loader_path/Frameworks";
				PRODUCT_BUNDLE_IDENTIFIER = com.kyp.NSsessionTests;
				PRODUCT_NAME = "$(TARGET_NAME)";
				TEST_HOST = "$(BUILT_PRODUCTS_DIR)/NSsession.app/NSsession";
			};
			name = Release;
		};
		D374E6FF1BEBBF9400E22AD0 /* Debug */ = {
			isa = XCBuildConfiguration;
			buildSettings = {
				INFOPLIST_FILE = NSsessionUITests/Info.plist;
				LD_RUNPATH_SEARCH_PATHS = "$(inherited) @executable_path/Frameworks @loader_path/Frameworks";
				PRODUCT_BUNDLE_IDENTIFIER = com.kyp.NSsessionUITests;
				PRODUCT_NAME = "$(TARGET_NAME)";
				TEST_TARGET_NAME = NSsession;
				USES_XCTRUNNER = YES;
			};
			name = Debug;
		};
		D374E7001BEBBF9400E22AD0 /* Release */ = {
			isa = XCBuildConfiguration;
			buildSettings = {
				INFOPLIST_FILE = NSsessionUITests/Info.plist;
				LD_RUNPATH_SEARCH_PATHS = "$(inherited) @executable_path/Frameworks @loader_path/Frameworks";
				PRODUCT_BUNDLE_IDENTIFIER = com.kyp.NSsessionUITests;
				PRODUCT_NAME = "$(TARGET_NAME)";
				TEST_TARGET_NAME = NSsession;
				USES_XCTRUNNER = YES;
			};
			name = Release;
		};
/* End XCBuildConfiguration section */

/* Begin XCConfigurationList section */
		D374E6C61BEBBF9400E22AD0 /* Build configuration list for PBXProject "NSsession" */ = {
			isa = XCConfigurationList;
			buildConfigurations = (
				D374E6F61BEBBF9400E22AD0 /* Debug */,
				D374E6F71BEBBF9400E22AD0 /* Release */,
			);
			defaultConfigurationIsVisible = 0;
			defaultConfigurationName = Release;
		};
		D374E6F81BEBBF9400E22AD0 /* Build configuration list for PBXNativeTarget "NSsession" */ = {
			isa = XCConfigurationList;
			buildConfigurations = (
				D374E6F91BEBBF9400E22AD0 /* Debug */,
				D374E6FA1BEBBF9400E22AD0 /* Release */,
			);
			defaultConfigurationIsVisible = 0;
		};
		D374E6FB1BEBBF9400E22AD0 /* Build configuration list for PBXNativeTarget "NSsessionTests" */ = {
			isa = XCConfigurationList;
			buildConfigurations = (
				D374E6FC1BEBBF9400E22AD0 /* Debug */,
				D374E6FD1BEBBF9400E22AD0 /* Release */,
			);
			defaultConfigurationIsVisible = 0;
		};
		D374E6FE1BEBBF9400E22AD0 /* Build configuration list for PBXNativeTarget "NSsessionUITests" */ = {
			isa = XCConfigurationList;
			buildConfigurations = (
				D374E6FF1BEBBF9400E22AD0 /* Debug */,
				D374E7001BEBBF9400E22AD0 /* Release */,
			);
			defaultConfigurationIsVisible = 0;
		};
/* End XCConfigurationList section */
	};
	rootObject = D374E6C31BEBBF9400E22AD0 /* Project object */;
}
